// !$*UTF8*$!
{
	archiveVersion = 1;
	classes = {
	};
	objectVersion = 56;
	objects = {

/* Begin PBXBuildFile section */
		C105273D2A669DCD0047EFAB /* AppDelegate.swift in Sources */ = {isa = PBXBuildFile; fileRef = C105273C2A669DCD0047EFAB /* AppDelegate.swift */; };
		C105273F2A669DCD0047EFAB /* SceneDelegate.swift in Sources */ = {isa = PBXBuildFile; fileRef = C105273E2A669DCD0047EFAB /* SceneDelegate.swift */; };
		C10527412A669DCD0047EFAB /* ViewController.swift in Sources */ = {isa = PBXBuildFile; fileRef = C10527402A669DCD0047EFAB /* ViewController.swift */; };
		C10527442A669DCD0047EFAB /* Main.storyboard in Resources */ = {isa = PBXBuildFile; fileRef = C10527422A669DCD0047EFAB /* Main.storyboard */; };
		C10527462A669DCF0047EFAB /* Assets.xcassets in Resources */ = {isa = PBXBuildFile; fileRef = C10527452A669DCF0047EFAB /* Assets.xcassets */; };
		C10527492A669DCF0047EFAB /* LaunchScreen.storyboard in Resources */ = {isa = PBXBuildFile; fileRef = C10527472A669DCF0047EFAB /* LaunchScreen.storyboard */; };
		C1B035182A68C0C0000FF2A1 /* TrainViewController.swift in Sources */ = {isa = PBXBuildFile; fileRef = C1B035172A68C0C0000FF2A1 /* TrainViewController.swift */; };
/* End PBXBuildFile section */

/* Begin PBXFileReference section */
		C10527392A669DCD0047EFAB /* MathTrainerApp.app */ = {isa = PBXFileReference; explicitFileType = wrapper.application; includeInIndex = 0; path = MathTrainerApp.app; sourceTree = BUILT_PRODUCTS_DIR; };
		C105273C2A669DCD0047EFAB /* AppDelegate.swift */ = {isa = PBXFileReference; lastKnownFileType = sourcecode.swift; path = AppDelegate.swift; sourceTree = "<group>"; };
		C105273E2A669DCD0047EFAB /* SceneDelegate.swift */ = {isa = PBXFileReference; lastKnownFileType = sourcecode.swift; path = SceneDelegate.swift; sourceTree = "<group>"; };
		C10527402A669DCD0047EFAB /* ViewController.swift */ = {isa = PBXFileReference; lastKnownFileType = sourcecode.swift; path = ViewController.swift; sourceTree = "<group>"; };
		C10527432A669DCD0047EFAB /* Base */ = {isa = PBXFileReference; lastKnownFileType = file.storyboard; name = Base; path = Base.lproj/Main.storyboard; sourceTree = "<group>"; };
		C10527452A669DCF0047EFAB /* Assets.xcassets */ = {isa = PBXFileReference; lastKnownFileType = folder.assetcatalog; path = Assets.xcassets; sourceTree = "<group>"; };
		C10527482A669DCF0047EFAB /* Base */ = {isa = PBXFileReference; lastKnownFileType = file.storyboard; name = Base; path = Base.lproj/LaunchScreen.storyboard; sourceTree = "<group>"; };
		C105274A2A669DCF0047EFAB /* Info.plist */ = {isa = PBXFileReference; lastKnownFileType = text.plist.xml; path = Info.plist; sourceTree = "<group>"; };
		C1B035172A68C0C0000FF2A1 /* TrainViewController.swift */ = {isa = PBXFileReference; lastKnownFileType = sourcecode.swift; path = TrainViewController.swift; sourceTree = "<group>"; };
/* End PBXFileReference section */

/* Begin PBXFrameworksBuildPhase section */
		C10527362A669DCD0047EFAB /* Frameworks */ = {
			isa = PBXFrameworksBuildPhase;
			buildActionMask = 2147483647;
			files = (
			);
			runOnlyForDeploymentPostprocessing = 0;
		};
/* End PBXFrameworksBuildPhase section */

/* Begin PBXGroup section */
		C10527302A669DCD0047EFAB = {
			isa = PBXGroup;
			children = (
				C105273B2A669DCD0047EFAB /* MathTrainerApp */,
				C105273A2A669DCD0047EFAB /* Products */,
			);
			sourceTree = "<group>";
		};
		C105273A2A669DCD0047EFAB /* Products */ = {
			isa = PBXGroup;
			children = (
				C10527392A669DCD0047EFAB /* MathTrainerApp.app */,
			);
			name = Products;
			sourceTree = "<group>";
		};
		C105273B2A669DCD0047EFAB /* MathTrainerApp */ = {
			isa = PBXGroup;
			children = (
				C105273C2A669DCD0047EFAB /* AppDelegate.swift */,
				C105273E2A669DCD0047EFAB /* SceneDelegate.swift */,
				C10527402A669DCD0047EFAB /* ViewController.swift */,
				C1B035172A68C0C0000FF2A1 /* TrainViewController.swift */,
				C10527422A669DCD0047EFAB /* Main.storyboard */,
				C10527452A669DCF0047EFAB /* Assets.xcassets */,
				C10527472A669DCF0047EFAB /* LaunchScreen.storyboard */,
				C105274A2A669DCF0047EFAB /* Info.plist */,
			);
			path = MathTrainerApp;
			sourceTree = "<group>";
		};
/* End PBXGroup section */

/* Begin PBXNativeTarget section */
		C10527382A669DCD0047EFAB /* MathTrainerApp */ = {
			isa = PBXNativeTarget;
			buildConfigurationList = C105274D2A669DCF0047EFAB /* Build configuration list for PBXNativeTarget "MathTrainerApp" */;
			buildPhases = (
				C10527352A669DCD0047EFAB /* Sources */,
				C10527362A669DCD0047EFAB /* Frameworks */,
				C10527372A669DCD0047EFAB /* Resources */,
			);
			buildRules = (
			);
			dependencies = (
			);
			name = MathTrainerApp;
			productName = MathTrainerApp;
			productReference = C10527392A669DCD0047EFAB /* MathTrainerApp.app */;
			productType = "com.apple.product-type.application";
		};
/* End PBXNativeTarget section */

/* Begin PBXProject section */
		C10527312A669DCD0047EFAB /* Project object */ = {
			isa = PBXProject;
			attributes = {
				BuildIndependentTargetsInParallel = 1;
				LastSwiftUpdateCheck = 1420;
				LastUpgradeCheck = 1420;
				TargetAttributes = {
					C10527382A669DCD0047EFAB = {
						CreatedOnToolsVersion = 14.2;
					};
				};
			};
			buildConfigurationList = C10527342A669DCD0047EFAB /* Build configuration list for PBXProject "MathTrainerApp" */;
			compatibilityVersion = "Xcode 14.0";
			developmentRegion = en;
			hasScannedForEncodings = 0;
			knownRegions = (
				en,
				Base,
			);
			mainGroup = C10527302A669DCD0047EFAB;
			productRefGroup = C105273A2A669DCD0047EFAB /* Products */;
			projectDirPath = "";
			projectRoot = "";
			targets = (
				C10527382A669DCD0047EFAB /* MathTrainerApp */,
			);
		};
/* End PBXProject section */

/* Begin PBXResourcesBuildPhase section */
		C10527372A669DCD0047EFAB /* Resources */ = {
			isa = PBXResourcesBuildPhase;
			buildActionMask = 2147483647;
			files = (
				C10527492A669DCF0047EFAB /* LaunchScreen.storyboard in Resources */,
				C10527462A669DCF0047EFAB /* Assets.xcassets in Resources */,
				C10527442A669DCD0047EFAB /* Main.storyboard in Resources */,
			);
			runOnlyForDeploymentPostprocessing = 0;
		};
/* End PBXResourcesBuildPhase section */

/* Begin PBXSourcesBuildPhase section */
		C10527352A669DCD0047EFAB /* Sources */ = {
			isa = PBXSourcesBuildPhase;
			buildActionMask = 2147483647;
			files = (
				C10527412A669DCD0047EFAB /* ViewController.swift in Sources */,
				C1B035182A68C0C0000FF2A1 /* TrainViewController.swift in Sources */,
				C105273D2A669DCD0047EFAB /* AppDelegate.swift in Sources */,
				C105273F2A669DCD0047EFAB /* SceneDelegate.swift in Sources */,
			);
			runOnlyForDeploymentPostprocessing = 0;
		};
/* End PBXSourcesBuildPhase section */

/* Begin PBXVariantGroup section */
		C10527422A669DCD0047EFAB /* Main.storyboard */ = {
			isa = PBXVariantGroup;
			children = (
				C10527432A669DCD0047EFAB /* Base */,
			);
			name = Main.storyboard;
			sourceTree = "<group>";
		};
		C10527472A669DCF0047EFAB /* LaunchScreen.storyboard */ = {
			isa = PBXVariantGroup;
			children = (
				C10527482A669DCF0047EFAB /* Base */,
			);
			name = LaunchScreen.storyboard;
			sourceTree = "<group>";
		};
/* End PBXVariantGroup section */

/* Begin XCBuildConfiguration section */
		C105274B2A669DCF0047EFAB /* Debug */ = {
			isa = XCBuildConfiguration;
			buildSettings = {
				ALWAYS_SEARCH_USER_PATHS = NO;
				CLANG_ANALYZER_NONNULL = YES;
				CLANG_ANALYZER_NUMBER_OBJECT_CONVERSION = YES_AGGRESSIVE;
				CLANG_CXX_LANGUAGE_STANDARD = "gnu++20";
				CLANG_ENABLE_MODULES = YES;
				CLANG_ENABLE_OBJC_ARC = YES;
				CLANG_ENABLE_OBJC_WEAK = YES;
				CLANG_WARN_BLOCK_CAPTURE_AUTORELEASING = YES;
				CLANG_WARN_BOOL_CONVERSION = YES;
				CLANG_WARN_COMMA = YES;
				CLANG_WARN_CONSTANT_CONVERSION = YES;
				CLANG_WARN_DEPRECATED_OBJC_IMPLEMENTATIONS = YES;
				CLANG_WARN_DIRECT_OBJC_ISA_USAGE = YES_ERROR;
				CLANG_WARN_DOCUMENTATION_COMMENTS = YES;
				CLANG_WARN_EMPTY_BODY = YES;
				CLANG_WARN_ENUM_CONVERSION = YES;
				CLANG_WARN_INFINITE_RECURSION = YES;
				CLANG_WARN_INT_CONVERSION = YES;
				CLANG_WARN_NON_LITERAL_NULL_CONVERSION = YES;
				CLANG_WARN_OBJC_IMPLICIT_RETAIN_SELF = YES;
				CLANG_WARN_OBJC_LITERAL_CONVERSION = YES;
				CLANG_WARN_OBJC_ROOT_CLASS = YES_ERROR;
				CLANG_WARN_QUOTED_INCLUDE_IN_FRAMEWORK_HEADER = YES;
				CLANG_WARN_RANGE_LOOP_ANALYSIS = YES;
				CLANG_WARN_STRICT_PROTOTYPES = YES;
				CLANG_WARN_SUSPICIOUS_MOVE = YES;
				CLANG_WARN_UNGUARDED_AVAILABILITY = YES_AGGRESSIVE;
				CLANG_WARN_UNREACHABLE_CODE = YES;
				CLANG_WARN__DUPLICATE_METHOD_MATCH = YES;
				COPY_PHASE_STRIP = NO;
				DEBUG_INFORMATION_FORMAT = dwarf;
				ENABLE_STRICT_OBJC_MSGSEND = YES;
				ENABLE_TESTABILITY = YES;
				GCC_C_LANGUAGE_STANDARD = gnu11;
				GCC_DYNAMIC_NO_PIC = NO;
				GCC_NO_COMMON_BLOCKS = YES;
				GCC_OPTIMIZATION_LEVEL = 0;
				GCC_PREPROCESSOR_DEFINITIONS = (
					"DEBUG=1",
					"$(inherited)",
				);
				GCC_WARN_64_TO_32_BIT_CONVERSION = YES;
				GCC_WARN_ABOUT_RETURN_TYPE = YES_ERROR;
				GCC_WARN_UNDECLARED_SELECTOR = YES;
				GCC_WARN_UNINITIALIZED_AUTOS = YES_AGGRESSIVE;
				GCC_WARN_UNUSED_FUNCTION = YES;
				GCC_WARN_UNUSED_VARIABLE = YES;
				IPHONEOS_DEPLOYMENT_TARGET = 16.2;
				MTL_ENABLE_DEBUG_INFO = INCLUDE_SOURCE;
				MTL_FAST_MATH = YES;
				ONLY_ACTIVE_ARCH = YES;
				SDKROOT = iphoneos;
				SWIFT_ACTIVE_COMPILATION_CONDITIONS = DEBUG;
				SWIFT_OPTIMIZATION_LEVEL = "-Onone";
			};
			name = Debug;
		};
		C105274C2A669DCF0047EFAB /* Release */ = {
			isa = XCBuildConfiguration;
			buildSettings = {
				ALWAYS_SEARCH_USER_PATHS = NO;
				CLANG_ANALYZER_NONNULL = YES;
				CLANG_ANALYZER_NUMBER_OBJECT_CONVERSION = YES_AGGRESSIVE;
				CLANG_CXX_LANGUAGE_STANDARD = "gnu++20";
				CLANG_ENABLE_MODULES = YES;
				CLANG_ENABLE_OBJC_ARC = YES;
				CLANG_ENABLE_OBJC_WEAK = YES;
				CLANG_WARN_BLOCK_CAPTURE_AUTORELEASING = YES;
				CLANG_WARN_BOOL_CONVERSION = YES;
				CLANG_WARN_COMMA = YES;
				CLANG_WARN_CONSTANT_CONVERSION = YES;
				CLANG_WARN_DEPRECATED_OBJC_IMPLEMENTATIONS = YES;
				CLANG_WARN_DIRECT_OBJC_ISA_USAGE = YES_ERROR;
				CLANG_WARN_DOCUMENTATION_COMMENTS = YES;
				CLANG_WARN_EMPTY_BODY = YES;
				CLANG_WARN_ENUM_CONVERSION = YES;
				CLANG_WARN_INFINITE_RECURSION = YES;
				CLANG_WARN_INT_CONVERSION = YES;
				CLANG_WARN_NON_LITERAL_NULL_CONVERSION = YES;
				CLANG_WARN_OBJC_IMPLICIT_RETAIN_SELF = YES;
				CLANG_WARN_OBJC_LITERAL_CONVERSION = YES;
				CLANG_WARN_OBJC_ROOT_CLASS = YES_ERROR;
				CLANG_WARN_QUOTED_INCLUDE_IN_FRAMEWORK_HEADER = YES;
				CLANG_WARN_RANGE_LOOP_ANALYSIS = YES;
				CLANG_WARN_STRICT_PROTOTYPES = YES;
				CLANG_WARN_SUSPICIOUS_MOVE = YES;
				CLANG_WARN_UNGUARDED_AVAILABILITY = YES_AGGRESSIVE;
				CLANG_WARN_UNREACHABLE_CODE = YES;
				CLANG_WARN__DUPLICATE_METHOD_MATCH = YES;
				COPY_PHASE_STRIP = NO;
				DEBUG_INFORMATION_FORMAT = "dwarf-with-dsym";
				ENABLE_NS_ASSERTIONS = NO;
				ENABLE_STRICT_OBJC_MSGSEND = YES;
				GCC_C_LANGUAGE_STANDARD = gnu11;
				GCC_NO_COMMON_BLOCKS = YES;
				GCC_WARN_64_TO_32_BIT_CONVERSION = YES;
				GCC_WARN_ABOUT_RETURN_TYPE = YES_ERROR;
				GCC_WARN_UNDECLARED_SELECTOR = YES;
				GCC_WARN_UNINITIALIZED_AUTOS = YES_AGGRESSIVE;
				GCC_WARN_UNUSED_FUNCTION = YES;
				GCC_WARN_UNUSED_VARIABLE = YES;
				IPHONEOS_DEPLOYMENT_TARGET = 16.2;
				MTL_ENABLE_DEBUG_INFO = NO;
				MTL_FAST_MATH = YES;
				SDKROOT = iphoneos;
				SWIFT_COMPILATION_MODE = wholemodule;
				SWIFT_OPTIMIZATION_LEVEL = "-O";
				VALIDATE_PRODUCT = YES;
			};
			name = Release;
		};
		C105274E2A669DCF0047EFAB /* Debug */ = {
			isa = XCBuildConfiguration;
			buildSettings = {
				ASSETCATALOG_COMPILER_APPICON_NAME = AppIcon;
				ASSETCATALOG_COMPILER_GLOBAL_ACCENT_COLOR_NAME = AccentColor;
				CODE_SIGN_STYLE = Automatic;
				CURRENT_PROJECT_VERSION = 1;
				DEVELOPMENT_TEAM = YK82Q662G5;
				GENERATE_INFOPLIST_FILE = YES;
				INFOPLIST_FILE = MathTrainerApp/Info.plist;
				INFOPLIST_KEY_UIApplicationSupportsIndirectInputEvents = YES;
				INFOPLIST_KEY_UILaunchStoryboardName = LaunchScreen;
				INFOPLIST_KEY_UIMainStoryboardFile = Main;
				INFOPLIST_KEY_UISupportedInterfaceOrientations = UIInterfaceOrientationPortrait;
				LD_RUNPATH_SEARCH_PATHS = (
					"$(inherited)",
					"@executable_path/Frameworks",
				);
				MARKETING_VERSION = 1.0;
				PRODUCT_BUNDLE_IDENTIFIER = "my.personal-company.com.MathTrainerApp";
				PRODUCT_NAME = "$(TARGET_NAME)";
				SWIFT_EMIT_LOC_STRINGS = YES;
				SWIFT_VERSION = 5.0;
				TARGETED_DEVICE_FAMILY = "1,2";
			};
			name = Debug;
		};
		C105274F2A669DCF0047EFAB /* Release */ = {
			isa = XCBuildConfiguration;
			buildSettings = {
				ASSETCATALOG_COMPILER_APPICON_NAME = AppIcon;
				ASSETCATALOG_COMPILER_GLOBAL_ACCENT_COLOR_NAME = AccentColor;
				CODE_SIGN_STYLE = Automatic;
				CURRENT_PROJECT_VERSION = 1;
				DEVELOPMENT_TEAM = YK82Q662G5;
				GENERATE_INFOPLIST_FILE = YES;
				INFOPLIST_FILE = MathTrainerApp/Info.plist;
				INFOPLIST_KEY_UIApplicationSupportsIndirectInputEvents = YES;
				INFOPLIST_KEY_UILaunchStoryboardName = LaunchScreen;
				INFOPLIST_KEY_UIMainStoryboardFile = Main;
				INFOPLIST_KEY_UISupportedInterfaceOrientations = UIInterfaceOrientationPortrait;
				LD_RUNPATH_SEARCH_PATHS = (
					"$(inherited)",
					"@executable_path/Frameworks",
				);
				MARKETING_VERSION = 1.0;
				PRODUCT_BUNDLE_IDENTIFIER = "my.personal-company.com.MathTrainerApp";
				PRODUCT_NAME = "$(TARGET_NAME)";
				SWIFT_EMIT_LOC_STRINGS = YES;
				SWIFT_VERSION = 5.0;
				TARGETED_DEVICE_FAMILY = "1,2";
			};
			name = Release;
		};
/* End XCBuildConfiguration section */

/* Begin XCConfigurationList section */
		C10527342A669DCD0047EFAB /* Build configuration list for PBXProject "MathTrainerApp" */ = {
			isa = XCConfigurationList;
			buildConfigurations = (
				C105274B2A669DCF0047EFAB /* Debug */,
				C105274C2A669DCF0047EFAB /* Release */,
			);
			defaultConfigurationIsVisible = 0;
			defaultConfigurationName = Release;
		};
		C105274D2A669DCF0047EFAB /* Build configuration list for PBXNativeTarget "MathTrainerApp" */ = {
			isa = XCConfigurationList;
			buildConfigurations = (
				C105274E2A669DCF0047EFAB /* Debug */,
				C105274F2A669DCF0047EFAB /* Release */,
			);
			defaultConfigurationIsVisible = 0;
			defaultConfigurationName = Release;
		};
/* End XCConfigurationList section */
	};
	rootObject = C10527312A669DCD0047EFAB /* Project object */;
}
